// !$*UTF8*$!
{
	archiveVersion = 1;
	classes = {
	};
	objectVersion = 77;
	objects = {

/* Begin PBXBuildFile section */
		5EB11E7F2DB5CA7C00EE6AD5 /* HomeViewController.swift in Sources */ = {isa = PBXBuildFile; fileRef = 5EB11E7E2DB5CA7C00EE6AD5 /* HomeViewController.swift */; };
		5EB9EADF2DB31E0900A23209 /* AppDelegate.swift in Sources */ = {isa = PBXBuildFile; fileRef = 5EB9EAD52DB31E0900A23209 /* AppDelegate.swift */; };
		5EB9EAE02DB31E0900A23209 /* SceneDelegate.swift in Sources */ = {isa = PBXBuildFile; fileRef = 5EB9EADC2DB31E0900A23209 /* SceneDelegate.swift */; };
		5EB9EAE22DB31E0900A23209 /* Assets.xcassets in Resources */ = {isa = PBXBuildFile; fileRef = 5EB9EAD62DB31E0900A23209 /* Assets.xcassets */; };
		5EB9EAE42DB31E0900A23209 /* LaunchScreen.storyboard in Resources */ = {isa = PBXBuildFile; fileRef = 5EB9EAD92DB31E0900A23209 /* LaunchScreen.storyboard */; };
		5EB9EAE72DB31F1F00A23209 /* SongRepositoryManager.swift in Sources */ = {isa = PBXBuildFile; fileRef = 5EB9EAE62DB31F1F00A23209 /* SongRepositoryManager.swift */; };
		5EF944C32DB33CA500DAF7D4 /* SongTableViewCell.swift in Sources */ = {isa = PBXBuildFile; fileRef = 5EF944C22DB33CA500DAF7D4 /* SongTableViewCell.swift */; };
		5EF944C52DB33D6C00DAF7D4 /* PlaybackViewController.swift in Sources */ = {isa = PBXBuildFile; fileRef = 5EF944C42DB33D6C00DAF7D4 /* PlaybackViewController.swift */; };
/* End PBXBuildFile section */

/* Begin PBXFileReference section */
		5EB11E7E2DB5CA7C00EE6AD5 /* HomeViewController.swift */ = {isa = PBXFileReference; lastKnownFileType = sourcecode.swift; path = HomeViewController.swift; sourceTree = "<group>"; };
		5EB9EABD2DB31E0200A23209 /* SongRepoApp.app */ = {isa = PBXFileReference; explicitFileType = wrapper.application; includeInIndex = 0; path = SongRepoApp.app; sourceTree = BUILT_PRODUCTS_DIR; };
		5EB9EAD52DB31E0900A23209 /* AppDelegate.swift */ = {isa = PBXFileReference; lastKnownFileType = sourcecode.swift; path = AppDelegate.swift; sourceTree = "<group>"; };
		5EB9EAD62DB31E0900A23209 /* Assets.xcassets */ = {isa = PBXFileReference; lastKnownFileType = folder.assetcatalog; path = Assets.xcassets; sourceTree = "<group>"; };
		5EB9EAD72DB31E0900A23209 /* Info.plist */ = {isa = PBXFileReference; lastKnownFileType = text.plist.xml; path = Info.plist; sourceTree = "<group>"; };
		5EB9EAD82DB31E0900A23209 /* Base */ = {isa = PBXFileReference; lastKnownFileType = file.storyboard; name = Base; path = Base.lproj/LaunchScreen.storyboard; sourceTree = "<group>"; };
		5EB9EADC2DB31E0900A23209 /* SceneDelegate.swift */ = {isa = PBXFileReference; lastKnownFileType = sourcecode.swift; path = SceneDelegate.swift; sourceTree = "<group>"; };
		5EB9EAE62DB31F1F00A23209 /* SongRepositoryManager.swift */ = {isa = PBXFileReference; lastKnownFileType = sourcecode.swift; path = SongRepositoryManager.swift; sourceTree = "<group>"; };
		5EF944C22DB33CA500DAF7D4 /* SongTableViewCell.swift */ = {isa = PBXFileReference; lastKnownFileType = sourcecode.swift; path = SongTableViewCell.swift; sourceTree = "<group>"; };
		5EF944C42DB33D6C00DAF7D4 /* PlaybackViewController.swift */ = {isa = PBXFileReference; lastKnownFileType = sourcecode.swift; path = PlaybackViewController.swift; sourceTree = "<group>"; };
/* End PBXFileReference section */

/* Begin PBXFrameworksBuildPhase section */
		5EB9EABA2DB31E0200A23209 /* Frameworks */ = {
			isa = PBXFrameworksBuildPhase;
			buildActionMask = 2147483647;
			files = (
			);
			runOnlyForDeploymentPostprocessing = 0;
		};
/* End PBXFrameworksBuildPhase section */

/* Begin PBXGroup section */
		5EB9EAB42DB31E0200A23209 = {
			isa = PBXGroup;
			children = (
				5EB9EADE2DB31E0900A23209 /* SongRepoApp */,
				5EB9EABE2DB31E0200A23209 /* Products */,
			);
			sourceTree = "<group>";
		};
		5EB9EABE2DB31E0200A23209 /* Products */ = {
			isa = PBXGroup;
			children = (
				5EB9EABD2DB31E0200A23209 /* SongRepoApp.app */,
			);
			name = Products;
			sourceTree = "<group>";
		};
		5EB9EADE2DB31E0900A23209 /* SongRepoApp */ = {
			isa = PBXGroup;
			children = (
				5EB9EAD52DB31E0900A23209 /* AppDelegate.swift */,
				5EB9EADC2DB31E0900A23209 /* SceneDelegate.swift */,
				5EB11E7E2DB5CA7C00EE6AD5 /* HomeViewController.swift */,
				5EB9EAE62DB31F1F00A23209 /* SongRepositoryManager.swift */,
				5EF944C22DB33CA500DAF7D4 /* SongTableViewCell.swift */,
				5EF944C42DB33D6C00DAF7D4 /* PlaybackViewController.swift */,
				5EB9EAD62DB31E0900A23209 /* Assets.xcassets */,
				5EB9EAD72DB31E0900A23209 /* Info.plist */,
				5EB9EAD92DB31E0900A23209 /* LaunchScreen.storyboard */,
			);
			path = SongRepoApp;
			sourceTree = "<group>";
		};
/* End PBXGroup section */

/* Begin PBXNativeTarget section */
		5EB9EABC2DB31E0200A23209 /* SongRepoApp */ = {
			isa = PBXNativeTarget;
			buildConfigurationList = 5EB9EAD02DB31E0300A23209 /* Build configuration list for PBXNativeTarget "SongRepoApp" */;
			buildPhases = (
				5EB9EAB92DB31E0200A23209 /* Sources */,
				5EB9EABA2DB31E0200A23209 /* Frameworks */,
				5EB9EABB2DB31E0200A23209 /* Resources */,
			);
			buildRules = (
			);
			dependencies = (
			);
			name = SongRepoApp;
			packageProductDependencies = (
			);
			productName = SongRepoApp;
			productReference = 5EB9EABD2DB31E0200A23209 /* SongRepoApp.app */;
			productType = "com.apple.product-type.application";
		};
/* End PBXNativeTarget section */

/* Begin PBXProject section */
		5EB9EAB52DB31E0200A23209 /* Project object */ = {
			isa = PBXProject;
			attributes = {
				BuildIndependentTargetsInParallel = 1;
				LastSwiftUpdateCheck = 1630;
				LastUpgradeCheck = 1630;
				TargetAttributes = {
					5EB9EABC2DB31E0200A23209 = {
						CreatedOnToolsVersion = 16.3;
					};
				};
			};
			buildConfigurationList = 5EB9EAB82DB31E0200A23209 /* Build configuration list for PBXProject "SongRepoApp" */;
			developmentRegion = en;
			hasScannedForEncodings = 0;
			knownRegions = (
				en,
				Base,
			);
			mainGroup = 5EB9EAB42DB31E0200A23209;
			minimizedProjectReferenceProxies = 1;
			preferredProjectObjectVersion = 77;
			productRefGroup = 5EB9EABE2DB31E0200A23209 /* Products */;
			projectDirPath = "";
			projectRoot = "";
			targets = (
				5EB9EABC2DB31E0200A23209 /* SongRepoApp */,
			);
		};
/* End PBXProject section */

/* Begin PBXResourcesBuildPhase section */
		5EB9EABB2DB31E0200A23209 /* Resources */ = {
			isa = PBXResourcesBuildPhase;
			buildActionMask = 2147483647;
			files = (
				5EB9EAE22DB31E0900A23209 /* Assets.xcassets in Resources */,
				5EB9EAE42DB31E0900A23209 /* LaunchScreen.storyboard in Resources */,
			);
			runOnlyForDeploymentPostprocessing = 0;
		};
/* End PBXResourcesBuildPhase section */

/* Begin PBXSourcesBuildPhase section */
		5EB9EAB92DB31E0200A23209 /* Sources */ = {
			isa = PBXSourcesBuildPhase;
			buildActionMask = 2147483647;
			files = (
				5EB9EAE72DB31F1F00A23209 /* SongRepositoryManager.swift in Sources */,
				5EB9EADF2DB31E0900A23209 /* AppDelegate.swift in Sources */,
				5EF944C32DB33CA500DAF7D4 /* SongTableViewCell.swift in Sources */,
				5EF944C52DB33D6C00DAF7D4 /* PlaybackViewController.swift in Sources */,
				5EB9EAE02DB31E0900A23209 /* SceneDelegate.swift in Sources */,
				5EB11E7F2DB5CA7C00EE6AD5 /* HomeViewController.swift in Sources */,
			);
			runOnlyForDeploymentPostprocessing = 0;
		};
/* End PBXSourcesBuildPhase section */

/* Begin PBXVariantGroup section */
		5EB9EAD92DB31E0900A23209 /* LaunchScreen.storyboard */ = {
			isa = PBXVariantGroup;
			children = (
				5EB9EAD82DB31E0900A23209 /* Base */,
			);
			name = LaunchScreen.storyboard;
			sourceTree = "<group>";
		};
/* End PBXVariantGroup section */

/* Begin XCBuildConfiguration section */
		5EB9EAD12DB31E0300A23209 /* Debug */ = {
			isa = XCBuildConfiguration;
			buildSettings = {
				ASSETCATALOG_COMPILER_APPICON_NAME = AppIcon;
				ASSETCATALOG_COMPILER_GLOBAL_ACCENT_COLOR_NAME = AccentColor;
				CODE_SIGN_STYLE = Automatic;
				CURRENT_PROJECT_VERSION = 1;
				DEVELOPMENT_TEAM = 86Z976V88Y;
				GENERATE_INFOPLIST_FILE = YES;
				INFOPLIST_FILE = SongRepoApp/Info.plist;
				INFOPLIST_KEY_NSAppleMusicUsageDescription = "Playlists and Songs";
				INFOPLIST_KEY_UIApplicationSupportsIndirectInputEvents = YES;
				INFOPLIST_KEY_UILaunchStoryboardName = LaunchScreen;
				INFOPLIST_KEY_UIMainStoryboardFile = "";
				INFOPLIST_KEY_UISupportedInterfaceOrientations_iPad = "UIInterfaceOrientationPortrait UIInterfaceOrientationPortraitUpsideDown UIInterfaceOrientationLandscapeLeft UIInterfaceOrientationLandscapeRight";
				INFOPLIST_KEY_UISupportedInterfaceOrientations_iPhone = "UIInterfaceOrientationPortrait UIInterfaceOrientationLandscapeLeft UIInterfaceOrientationLandscapeRight";
				IPHONEOS_DEPLOYMENT_TARGET = 18.0;
				LD_RUNPATH_SEARCH_PATHS = (
					"$(inherited)",
					"@executable_path/Frameworks",
				);
				MARKETING_VERSION = 1.0;
				PRODUCT_BUNDLE_IDENTIFIER = com.touchopia.SongRepoApp;
				PRODUCT_NAME = "$(TARGET_NAME)";
				SWIFT_EMIT_LOC_STRINGS = YES;
				SWIFT_VERSION = 5.0;
				TARGETED_DEVICE_FAMILY = "1,2";
			};
			name = Debug;
		};
		5EB9EAD22DB31E0300A23209 /* Release */ = {
			isa = XCBuildConfiguration;
			buildSettings = {
				ASSETCATALOG_COMPILER_APPICON_NAME = AppIcon;
				ASSETCATALOG_COMPILER_GLOBAL_ACCENT_COLOR_NAME = AccentColor;
				CODE_SIGN_STYLE = Automatic;
				CURRENT_PROJECT_VERSION = 1;
				DEVELOPMENT_TEAM = 86Z976V88Y;
				GENERATE_INFOPLIST_FILE = YES;
				INFOPLIST_FILE = SongRepoApp/Info.plist;
				INFOPLIST_KEY_NSAppleMusicUsageDescription = "Playlists and Songs";
				INFOPLIST_KEY_UIApplicationSupportsIndirectInputEvents = YES;
				INFOPLIST_KEY_UILaunchStoryboardName = LaunchScreen;
				INFOPLIST_KEY_UIMainStoryboardFile = "";
				INFOPLIST_KEY_UISupportedInterfaceOrientations_iPad = "UIInterfaceOrientationPortrait UIInterfaceOrientationPortraitUpsideDown UIInterfaceOrientationLandscapeLeft UIInterfaceOrientationLandscapeRight";
				INFOPLIST_KEY_UISupportedInterfaceOrientations_iPhone = "UIInterfaceOrientationPortrait UIInterfaceOrientationLandscapeLeft UIInterfaceOrientationLandscapeRight";
				IPHONEOS_DEPLOYMENT_TARGET = 18.0;
				LD_RUNPATH_SEARCH_PATHS = (
					"$(inherited)",
					"@executable_path/Frameworks",
				);
				MARKETING_VERSION = 1.0;
				PRODUCT_BUNDLE_IDENTIFIER = com.touchopia.SongRepoApp;
				PRODUCT_NAME = "$(TARGET_NAME)";
				SWIFT_EMIT_LOC_STRINGS = YES;
				SWIFT_VERSION = 5.0;
				TARGETED_DEVICE_FAMILY = "1,2";
			};
			name = Release;
		};
		5EB9EAD32DB31E0300A23209 /* Debug */ = {
			isa = XCBuildConfiguration;
			buildSettings = {
				ALWAYS_SEARCH_USER_PATHS = NO;
				ASSETCATALOG_COMPILER_GENERATE_SWIFT_ASSET_SYMBOL_EXTENSIONS = YES;
				CLANG_ANALYZER_NONNULL = YES;
				CLANG_ANALYZER_NUMBER_OBJECT_CONVERSION = YES_AGGRESSIVE;
				CLANG_CXX_LANGUAGE_STANDARD = "gnu++20";
				CLANG_ENABLE_MODULES = YES;
				CLANG_ENABLE_OBJC_ARC = YES;
				CLANG_ENABLE_OBJC_WEAK = YES;
				CLANG_WARN_BLOCK_CAPTURE_AUTORELEASING = YES;
				CLANG_WARN_BOOL_CONVERSION = YES;
				CLANG_WARN_COMMA = YES;
				CLANG_WARN_CONSTANT_CONVERSION = YES;
				CLANG_WARN_DEPRECATED_OBJC_IMPLEMENTATIONS = YES;
				CLANG_WARN_DIRECT_OBJC_ISA_USAGE = YES_ERROR;
				CLANG_WARN_DOCUMENTATION_COMMENTS = YES;
				CLANG_WARN_EMPTY_BODY = YES;
				CLANG_WARN_ENUM_CONVERSION = YES;
				CLANG_WARN_INFINITE_RECURSION = YES;
				CLANG_WARN_INT_CONVERSION = YES;
				CLANG_WARN_NON_LITERAL_NULL_CONVERSION = YES;
				CLANG_WARN_OBJC_IMPLICIT_RETAIN_SELF = YES;
				CLANG_WARN_OBJC_LITERAL_CONVERSION = YES;
				CLANG_WARN_OBJC_ROOT_CLASS = YES_ERROR;
				CLANG_WARN_QUOTED_INCLUDE_IN_FRAMEWORK_HEADER = YES;
				CLANG_WARN_RANGE_LOOP_ANALYSIS = YES;
				CLANG_WARN_STRICT_PROTOTYPES = YES;
				CLANG_WARN_SUSPICIOUS_MOVE = YES;
				CLANG_WARN_UNGUARDED_AVAILABILITY = YES_AGGRESSIVE;
				CLANG_WARN_UNREACHABLE_CODE = YES;
				CLANG_WARN__DUPLICATE_METHOD_MATCH = YES;
				COPY_PHASE_STRIP = NO;
				DEBUG_INFORMATION_FORMAT = dwarf;
				DEVELOPMENT_TEAM = 86Z976V88Y;
				ENABLE_STRICT_OBJC_MSGSEND = YES;
				ENABLE_TESTABILITY = YES;
				ENABLE_USER_SCRIPT_SANDBOXING = YES;
				GCC_C_LANGUAGE_STANDARD = gnu17;
				GCC_DYNAMIC_NO_PIC = NO;
				GCC_NO_COMMON_BLOCKS = YES;
				GCC_OPTIMIZATION_LEVEL = 0;
				GCC_PREPROCESSOR_DEFINITIONS = (
					"DEBUG=1",
					"$(inherited)",
				);
				GCC_WARN_64_TO_32_BIT_CONVERSION = YES;
				GCC_WARN_ABOUT_RETURN_TYPE = YES_ERROR;
				GCC_WARN_UNDECLARED_SELECTOR = YES;
				GCC_WARN_UNINITIALIZED_AUTOS = YES_AGGRESSIVE;
				GCC_WARN_UNUSED_FUNCTION = YES;
				GCC_WARN_UNUSED_VARIABLE = YES;
				IPHONEOS_DEPLOYMENT_TARGET = 18.4;
				LOCALIZATION_PREFERS_STRING_CATALOGS = YES;
				MTL_ENABLE_DEBUG_INFO = INCLUDE_SOURCE;
				MTL_FAST_MATH = YES;
				ONLY_ACTIVE_ARCH = YES;
				SDKROOT = iphoneos;
				SWIFT_ACTIVE_COMPILATION_CONDITIONS = "DEBUG $(inherited)";
				SWIFT_OPTIMIZATION_LEVEL = "-Onone";
			};
			name = Debug;
		};
		5EB9EAD42DB31E0300A23209 /* Release */ = {
			isa = XCBuildConfiguration;
			buildSettings = {
				ALWAYS_SEARCH_USER_PATHS = NO;
				ASSETCATALOG_COMPILER_GENERATE_SWIFT_ASSET_SYMBOL_EXTENSIONS = YES;
				CLANG_ANALYZER_NONNULL = YES;
				CLANG_ANALYZER_NUMBER_OBJECT_CONVERSION = YES_AGGRESSIVE;
				CLANG_CXX_LANGUAGE_STANDARD = "gnu++20";
				CLANG_ENABLE_MODULES = YES;
				CLANG_ENABLE_OBJC_ARC = YES;
				CLANG_ENABLE_OBJC_WEAK = YES;
				CLANG_WARN_BLOCK_CAPTURE_AUTORELEASING = YES;
				CLANG_WARN_BOOL_CONVERSION = YES;
				CLANG_WARN_COMMA = YES;
				CLANG_WARN_CONSTANT_CONVERSION = YES;
				CLANG_WARN_DEPRECATED_OBJC_IMPLEMENTATIONS = YES;
				CLANG_WARN_DIRECT_OBJC_ISA_USAGE = YES_ERROR;
				CLANG_WARN_DOCUMENTATION_COMMENTS = YES;
				CLANG_WARN_EMPTY_BODY = YES;
				CLANG_WARN_ENUM_CONVERSION = YES;
				CLANG_WARN_INFINITE_RECURSION = YES;
				CLANG_WARN_INT_CONVERSION = YES;
				CLANG_WARN_NON_LITERAL_NULL_CONVERSION = YES;
				CLANG_WARN_OBJC_IMPLICIT_RETAIN_SELF = YES;
				CLANG_WARN_OBJC_LITERAL_CONVERSION = YES;
				CLANG_WARN_OBJC_ROOT_CLASS = YES_ERROR;
				CLANG_WARN_QUOTED_INCLUDE_IN_FRAMEWORK_HEADER = YES;
				CLANG_WARN_RANGE_LOOP_ANALYSIS = YES;
				CLANG_WARN_STRICT_PROTOTYPES = YES;
				CLANG_WARN_SUSPICIOUS_MOVE = YES;
				CLANG_WARN_UNGUARDED_AVAILABILITY = YES_AGGRESSIVE;
				CLANG_WARN_UNREACHABLE_CODE = YES;
				CLANG_WARN__DUPLICATE_METHOD_MATCH = YES;
				COPY_PHASE_STRIP = NO;
				DEBUG_INFORMATION_FORMAT = "dwarf-with-dsym";
				DEVELOPMENT_TEAM = 86Z976V88Y;
				ENABLE_NS_ASSERTIONS = NO;
				ENABLE_STRICT_OBJC_MSGSEND = YES;
				ENABLE_USER_SCRIPT_SANDBOXING = YES;
				GCC_C_LANGUAGE_STANDARD = gnu17;
				GCC_NO_COMMON_BLOCKS = YES;
				GCC_WARN_64_TO_32_BIT_CONVERSION = YES;
				GCC_WARN_ABOUT_RETURN_TYPE = YES_ERROR;
				GCC_WARN_UNDECLARED_SELECTOR = YES;
				GCC_WARN_UNINITIALIZED_AUTOS = YES_AGGRESSIVE;
				GCC_WARN_UNUSED_FUNCTION = YES;
				GCC_WARN_UNUSED_VARIABLE = YES;
				IPHONEOS_DEPLOYMENT_TARGET = 18.4;
				LOCALIZATION_PREFERS_STRING_CATALOGS = YES;
				MTL_ENABLE_DEBUG_INFO = NO;
				MTL_FAST_MATH = YES;
				SDKROOT = iphoneos;
				SWIFT_COMPILATION_MODE = wholemodule;
				VALIDATE_PRODUCT = YES;
			};
			name = Release;
		};
/* End XCBuildConfiguration section */

/* Begin XCConfigurationList section */
		5EB9EAB82DB31E0200A23209 /* Build configuration list for PBXProject "SongRepoApp" */ = {
			isa = XCConfigurationList;
			buildConfigurations = (
				5EB9EAD32DB31E0300A23209 /* Debug */,
				5EB9EAD42DB31E0300A23209 /* Release */,
			);
			defaultConfigurationIsVisible = 0;
			defaultConfigurationName = Release;
		};
		5EB9EAD02DB31E0300A23209 /* Build configuration list for PBXNativeTarget "SongRepoApp" */ = {
			isa = XCConfigurationList;
			buildConfigurations = (
				5EB9EAD12DB31E0300A23209 /* Debug */,
				5EB9EAD22DB31E0300A23209 /* Release */,
			);
			defaultConfigurationIsVisible = 0;
			defaultConfigurationName = Release;
		};
/* End XCConfigurationList section */
	};
	rootObject = 5EB9EAB52DB31E0200A23209 /* Project object */;
}
